
Microsoft Visual Studio Solution File, Format Version 12.00
# Visual Studio Version 17
VisualStudioVersion = 17.1.32421.90
MinimumVisualStudioVersion = 10.0.40219.1
Project("{FAE04EC0-301F-11D3-BF4B-00C04F79EFBC}") = "WebApplication3", "WebApplication3\WebApplication3.csproj", "{7DD329B1-3B14-4B51-8D02-C82961EC6A6C}"
EndProject
Global
	GlobalSection(SolutionConfigurationPlatforms) = preSolution
		Debug|Any CPU = Debug|Any CPU
		Release|Any CPU = Release|Any CPU
	EndGlobalSection
	GlobalSection(ProjectConfigurationPlatforms) = postSolution
		{7DD329B1-3B14-4B51-8D02-C82961EC6A6C}.Debug|Any CPU.ActiveCfg = Debug|Any CPU
		{7DD329B1-3B14-4B51-8D02-C82961EC6A6C}.Debug|Any CPU.Build.0 = Debug|Any CPU
		{7DD329B1-3B14-4B51-8D02-C82961EC6A6C}.Release|Any CPU.ActiveCfg = Release|Any CPU
		{7DD329B1-3B14-4B51-8D02-C82961EC6A6C}.Release|Any CPU.Build.0 = Release|Any CPU
	EndGlobalSection
	GlobalSection(SolutionProperties) = preSolution
		HideSolutionNode = FALSE
	EndGlobalSection
	GlobalSection(ExtensibilityGlobals) = postSolution
		SolutionGuid = {CC5F7A1F-0856-4A8E-8D07-9D58BC975EE7}
	EndGlobalSection
EndGlobal
