
Microsoft Visual Studio Solution File, Format Version 12.00
# Visual Studio Version 16
VisualStudioVersion = 16.0.31829.152
MinimumVisualStudioVersion = 10.0.40219.1
Project("{FAE04EC0-301F-11D3-BF4B-00C04F79EFBC}") = "MyArrayList_EventHandling", "MyArrayList_EventHandling\MyArrayList_EventHandling.csproj", "{4B011BDB-341A-4F79-9A83-C1B32668793F}"
EndProject
Global
	GlobalSection(SolutionConfigurationPlatforms) = preSolution
		Debug|Any CPU = Debug|Any CPU
		Release|Any CPU = Release|Any CPU
	EndGlobalSection
	GlobalSection(ProjectConfigurationPlatforms) = postSolution
		{4B011BDB-341A-4F79-9A83-C1B32668793F}.Debug|Any CPU.ActiveCfg = Debug|Any CPU
		{4B011BDB-341A-4F79-9A83-C1B32668793F}.Debug|Any CPU.Build.0 = Debug|Any CPU
		{4B011BDB-341A-4F79-9A83-C1B32668793F}.Release|Any CPU.ActiveCfg = Release|Any CPU
		{4B011BDB-341A-4F79-9A83-C1B32668793F}.Release|Any CPU.Build.0 = Release|Any CPU
	EndGlobalSection
	GlobalSection(SolutionProperties) = preSolution
		HideSolutionNode = FALSE
	EndGlobalSection
	GlobalSection(ExtensibilityGlobals) = postSolution
		SolutionGuid = {4846ED1E-1871-41BE-8B0B-6EFF75370333}
	EndGlobalSection
EndGlobal
