
Microsoft Visual Studio Solution File, Format Version 12.00
# Visual Studio Version 17
VisualStudioVersion = 17.1.32421.90
MinimumVisualStudioVersion = 10.0.40219.1
Project("{9A19103F-16F7-4668-BE54-9A1E7A4F7556}") = "BlazorApp2_WebAssemblyApp", "BlazorApp2_WebAssemblyApp\BlazorApp2_WebAssemblyApp.csproj", "{F4398AAD-40CC-4882-B0FD-027BE1A060E0}"
EndProject
Global
	GlobalSection(SolutionConfigurationPlatforms) = preSolution
		Debug|Any CPU = Debug|Any CPU
		Release|Any CPU = Release|Any CPU
	EndGlobalSection
	GlobalSection(ProjectConfigurationPlatforms) = postSolution
		{F4398AAD-40CC-4882-B0FD-027BE1A060E0}.Debug|Any CPU.ActiveCfg = Debug|Any CPU
		{F4398AAD-40CC-4882-B0FD-027BE1A060E0}.Debug|Any CPU.Build.0 = Debug|Any CPU
		{F4398AAD-40CC-4882-B0FD-027BE1A060E0}.Release|Any CPU.ActiveCfg = Release|Any CPU
		{F4398AAD-40CC-4882-B0FD-027BE1A060E0}.Release|Any CPU.Build.0 = Release|Any CPU
	EndGlobalSection
	GlobalSection(SolutionProperties) = preSolution
		HideSolutionNode = FALSE
	EndGlobalSection
	GlobalSection(ExtensibilityGlobals) = postSolution
		SolutionGuid = {7CCD07A3-F865-4E6A-8EFA-4E728B697363}
	EndGlobalSection
EndGlobal
